
Microsoft Visual Studio Solution File, Format Version 12.00
# Visual Studio 15
VisualStudioVersion = 15.0.27130.2024
MinimumVisualStudioVersion = 10.0.40219.1
Project("{FAE04EC0-301F-11D3-BF4B-00C04F79EFBC}") = "Training", "Training\Training.csproj", "{4317C5A0-526F-4444-9E70-F621802EA5A5}"
EndProject
Project("{FAE04EC0-301F-11D3-BF4B-00C04F79EFBC}") = "Training.Tests", "Training.Tests\Training.Tests.csproj", "{C671EC43-B3E0-46BE-B75A-CE662560CEC4}"
EndProject
Global
	GlobalSection(SolutionConfigurationPlatforms) = preSolution
		Debug|Any CPU = Debug|Any CPU
		Release|Any CPU = Release|Any CPU
	EndGlobalSection
	GlobalSection(ProjectConfigurationPlatforms) = postSolution
		{4317C5A0-526F-4444-9E70-F621802EA5A5}.Debug|Any CPU.ActiveCfg = Debug|Any CPU
		{4317C5A0-526F-4444-9E70-F621802EA5A5}.Debug|Any CPU.Build.0 = Debug|Any CPU
		{4317C5A0-526F-4444-9E70-F621802EA5A5}.Release|Any CPU.ActiveCfg = Release|Any CPU
		{4317C5A0-526F-4444-9E70-F621802EA5A5}.Release|Any CPU.Build.0 = Release|Any CPU
		{C671EC43-B3E0-46BE-B75A-CE662560CEC4}.Debug|Any CPU.ActiveCfg = Debug|Any CPU
		{C671EC43-B3E0-46BE-B75A-CE662560CEC4}.Debug|Any CPU.Build.0 = Debug|Any CPU
		{C671EC43-B3E0-46BE-B75A-CE662560CEC4}.Release|Any CPU.ActiveCfg = Release|Any CPU
		{C671EC43-B3E0-46BE-B75A-CE662560CEC4}.Release|Any CPU.Build.0 = Release|Any CPU
	EndGlobalSection
	GlobalSection(SolutionProperties) = preSolution
		HideSolutionNode = FALSE
	EndGlobalSection
	GlobalSection(ExtensibilityGlobals) = postSolution
		SolutionGuid = {11F403DC-964A-44EA-AB72-F84716C18412}
	EndGlobalSection
EndGlobal
